<?xml version="1.0" encoding="utf-8"?>
<Project ToolsVersion="4.0" xmlns="http://schemas.microsoft.com/developer/msbuild/2003">
  <ItemGroup>
    <Filter Include="源文件">
      <UniqueIdentifier>{4FC737F1-C7A5-4376-A066-2A32D752A2FF}</UniqueIdentifier>
      <Extensions>cpp;c;cc;cxx;c++;cppm;ixx;def;odl;idl;hpj;bat;asm;asmx</Extensions>
    </Filter>
    <Filter Include="头文件">
      <UniqueIdentifier>{93995380-89BD-4b04-88EB-625FBE52EBFB}</UniqueIdentifier>
      <Extensions>h;hh;hpp;hxx;h++;hm;inl;inc;ipp;xsd</Extensions>
    </Filter>
    <Filter Include="资源文件">
      <UniqueIdentifier>{67DA6AB6-F800-4c08-8B7A-83BB121AAD01}</UniqueIdentifier>
      <Extensions>rc;ico;cur;bmp;dlg;rc2;rct;bin;rgs;gif;jpg;jpeg;jpe;resx;tiff;tif;png;wav;mfcribbon-ms</Extensions>
    </Filter>
  </ItemGroup>
  <ItemGroup>
    <ClInclude Include="framework.h">
      <Filter>头文件</Filter>
    </ClInclude>
    <ClInclude Include="pch.h">
      <Filter>头文件</Filter>
    </ClInclude>
    <ClInclude Include="Utils.h">
      <Filter>头文件</Filter>
    </ClInclude>
    <ClInclude Include="PluginDefinition.h">
      <Filter>头文件</Filter>
    </ClInclude>
    <ClInclude Include="SimpleHttp.h">
      <Filter>头文件</Filter>
    </ClInclude>
    <ClInclude Include="resource.h">
      <Filter>头文件</Filter>
    </ClInclude>
    <ClInclude Include="PluginConf.h">
      <Filter>头文件</Filter>
    </ClInclude>
    <ClInclude Include="AiModel.h">
      <Filter>头文件</Filter>
    </ClInclude>
    <ClInclude Include="NppImp.h">
      <Filter>头文件</Filter>
    </ClInclude>
    <ClInclude Include="include\notepad++\DockingFeature\dockingResource.h">
      <Filter>头文件</Filter>
    </ClInclude>
    <ClInclude Include="include\notepad++\Docking.h">
      <Filter>头文件</Filter>
    </ClInclude>
    <ClInclude Include="include\notepad++\ILexer.h">
      <Filter>头文件</Filter>
    </ClInclude>
    <ClInclude Include="include\notepad++\ILoader.h">
      <Filter>头文件</Filter>
    </ClInclude>
    <ClInclude Include="include\notepad++\menuCmdID.h">
      <Filter>头文件</Filter>
    </ClInclude>
    <ClInclude Include="include\notepad++\Notepad_plus_msgs.h">
      <Filter>头文件</Filter>
    </ClInclude>
    <ClInclude Include="include\notepad++\PluginInterface.h">
      <Filter>头文件</Filter>
    </ClInclude>
    <ClInclude Include="include\notepad++\Sci_Position.h">
      <Filter>头文件</Filter>
    </ClInclude>
    <ClInclude Include="include\notepad++\Scintilla.h">
      <Filter>头文件</Filter>
    </ClInclude>
    <ClInclude Include="include\notepad++\ScintillaCall.h">
      <Filter>头文件</Filter>
    </ClInclude>
    <ClInclude Include="include\notepad++\ScintillaMessages.h">
      <Filter>头文件</Filter>
    </ClInclude>
    <ClInclude Include="include\notepad++\ScintillaStructures.h">
      <Filter>头文件</Filter>
    </ClInclude>
    <ClInclude Include="include\notepad++\ScintillaTypes.h">
      <Filter>头文件</Filter>
    </ClInclude>
    <ClInclude Include="include\notepad++\ScintillaWidget.h">
      <Filter>头文件</Filter>
    </ClInclude>
    <ClInclude Include="include\json.hpp">
      <Filter>头文件</Filter>
    </ClInclude>
    <ClInclude Include="include\notepad++\Npp.h">
      <Filter>头文件</Filter>
    </ClInclude>
    <ClInclude Include="AiAssistWnd.h">
      <Filter>头文件</Filter>
    </ClInclude>
    <ClInclude Include="include\notepad++\DockWnd\Common.h">
      <Filter>头文件</Filter>
    </ClInclude>
    <ClInclude Include="include\notepad++\DockWnd\Docking.h">
      <Filter>头文件</Filter>
    </ClInclude>
    <ClInclude Include="include\notepad++\DockWnd\DockingDlgInterface.h">
      <Filter>头文件</Filter>
    </ClInclude>
    <ClInclude Include="include\notepad++\DockWnd\dockingResource.h">
      <Filter>头文件</Filter>
    </ClInclude>
    <ClInclude Include="include\notepad++\DockWnd\StaticDialog.h">
      <Filter>头文件</Filter>
    </ClInclude>
    <ClInclude Include="include\notepad++\DockWnd\Window.h">
      <Filter>头文件</Filter>
    </ClInclude>
    <ClInclude Include="include\notepad++\DockWnd\dpiManagerV2.h">
      <Filter>头文件</Filter>
    </ClInclude>
    <ClInclude Include="include\notepad++\DockWnd\NppDarkMode.h">
      <Filter>头文件</Filter>
    </ClInclude>
  </ItemGroup>
  <ItemGroup>
    <ClCompile Include="pch.cpp">
      <Filter>源文件</Filter>
    </ClCompile>
    <ClCompile Include="PluginDefinition.cpp">
      <Filter>源文件</Filter>
    </ClCompile>
    <ClCompile Include="Utils.cpp">
      <Filter>源文件</Filter>
    </ClCompile>
    <ClCompile Include="NppPlugin.cpp">
      <Filter>源文件</Filter>
    </ClCompile>
    <ClCompile Include="PluginConf.cpp">
      <Filter>源文件</Filter>
    </ClCompile>
    <ClCompile Include="AiModel.cpp">
      <Filter>源文件</Filter>
    </ClCompile>
    <ClCompile Include="NppImp.cpp">
      <Filter>源文件</Filter>
    </ClCompile>
    <ClCompile Include="include\notepad++\ScintillaCall.cpp">
      <Filter>源文件</Filter>
    </ClCompile>
    <ClCompile Include="AiAssistWnd.cpp">
      <Filter>源文件</Filter>
    </ClCompile>
    <ClCompile Include="include\notepad++\DockWnd\StaticDialog.cpp">
      <Filter>源文件</Filter>
    </ClCompile>
    <ClCompile Include="include\notepad++\DockWnd\dpiManagerV2.cpp">
      <Filter>源文件</Filter>
    </ClCompile>
    <ClCompile Include="include\notepad++\DockWnd\NppDarkMode.cpp">
      <Filter>源文件</Filter>
    </ClCompile>
  </ItemGroup>
  <ItemGroup>
    <ResourceCompile Include="NppPlugin.rc">
      <Filter>资源文件</Filter>
    </ResourceCompile>
  </ItemGroup>
  <ItemGroup>
    <CopyFileToFolders Include="config.json" />
  </ItemGroup>
</Project>